<?xml version="1.0" encoding="utf-8"?>
<Project ToolsVersion="4.0" xmlns="http://schemas.microsoft.com/developer/msbuild/2003">
  <ItemGroup>
    <Filter Include="Source Files">
      <UniqueIdentifier>{c6c9a5d3-53c7-4dda-a7f7-a278343d08f6}</UniqueIdentifier>
      <Extensions>cpp;c;cxx;rc;def;r;odl;idl;hpj;bat</Extensions>
    </Filter>
    <Filter Include="Header Files">
      <UniqueIdentifier>{7a512719-d6e9-4695-acde-c7239717ece9}</UniqueIdentifier>
      <Extensions>h;hpp;hxx;hm;inl</Extensions>
    </Filter>
    <Filter Include="Resource Files">
      <UniqueIdentifier>{af74e8b8-3ee2-4d62-b8cb-fa3952c4afed}</UniqueIdentifier>
      <Extensions>ico;cur;bmp;dlg;rc2;rct;bin;rgs;gif;jpg;jpeg;jpe</Extensions>
    </Filter>
  </ItemGroup>
  <ItemGroup>
    <ClCompile Include="agrunt.cpp">
      <Filter>Source Files</Filter>
    </ClCompile>
    <ClCompile Include="AI_BaseNPC_Schedule.cpp">
      <Filter>Source Files</Filter>
    </ClCompile>
    <ClCompile Include="animating.cpp">
      <Filter>Source Files</Filter>
    </ClCompile>
    <ClCompile Include="animation.cpp">
      <Filter>Source Files</Filter>
    </ClCompile>
    <ClCompile Include="apache.cpp">
      <Filter>Source Files</Filter>
    </ClCompile>
    <ClCompile Include="barney.cpp">
      <Filter>Source Files</Filter>
    </ClCompile>
    <ClCompile Include="bigmomma.cpp">
      <Filter>Source Files</Filter>
    </ClCompile>
    <ClCompile Include="bullsquid.cpp">
      <Filter>Source Files</Filter>
    </ClCompile>
    <ClCompile Include="cmbase.cpp">
      <Filter>Source Files</Filter>
    </ClCompile>
    <ClCompile Include="combat.cpp">
      <Filter>Source Files</Filter>
    </ClCompile>
    <ClCompile Include="controller.cpp">
      <Filter>Source Files</Filter>
    </ClCompile>
    <ClCompile Include="defaultai.cpp">
      <Filter>Source Files</Filter>
    </ClCompile>
    <ClCompile Include="dllapi.cpp">
      <Filter>Source Files</Filter>
    </ClCompile>
    <ClCompile Include="effects.cpp">
      <Filter>Source Files</Filter>
    </ClCompile>
    <ClCompile Include="explode.cpp">
      <Filter>Source Files</Filter>
    </ClCompile>
    <ClCompile Include="flyingmonster.cpp">
      <Filter>Source Files</Filter>
    </ClCompile>
    <ClCompile Include="gargantua.cpp">
      <Filter>Source Files</Filter>
    </ClCompile>
    <ClCompile Include="ggrenade.cpp">
      <Filter>Source Files</Filter>
    </ClCompile>
    <ClCompile Include="gonome.cpp">
      <Filter>Source Files</Filter>
    </ClCompile>
    <ClCompile Include="h_ai.cpp">
      <Filter>Source Files</Filter>
    </ClCompile>
    <ClCompile Include="h_export.cpp">
      <Filter>Source Files</Filter>
    </ClCompile>
    <ClCompile Include="hassassin.cpp">
      <Filter>Source Files</Filter>
    </ClCompile>
    <ClCompile Include="headcrab.cpp">
      <Filter>Source Files</Filter>
    </ClCompile>
    <ClCompile Include="hgrunt.cpp">
      <Filter>Source Files</Filter>
    </ClCompile>
    <ClCompile Include="hornet.cpp">
      <Filter>Source Files</Filter>
    </ClCompile>
    <ClCompile Include="houndeye.cpp">
      <Filter>Source Files</Filter>
    </ClCompile>
    <ClCompile Include="hwgrunt.cpp">
      <Filter>Source Files</Filter>
    </ClCompile>
    <ClCompile Include="islave.cpp">
      <Filter>Source Files</Filter>
    </ClCompile>
    <ClCompile Include="massn.cpp">
      <Filter>Source Files</Filter>
    </ClCompile>
    <ClCompile Include="monster_api.cpp">
      <Filter>Source Files</Filter>
    </ClCompile>
    <ClCompile Include="monster_config.cpp">
      <Filter>Source Files</Filter>
    </ClCompile>
    <ClCompile Include="monstermaker.cpp">
      <Filter>Source Files</Filter>
    </ClCompile>
    <ClCompile Include="monsters.cpp">
      <Filter>Source Files</Filter>
    </ClCompile>
    <ClCompile Include="monsterstate.cpp">
      <Filter>Source Files</Filter>
    </ClCompile>
    <ClCompile Include="nodes.cpp">
      <Filter>Source Files</Filter>
    </ClCompile>
    <ClCompile Include="otis.cpp">
      <Filter>Source Files</Filter>
    </ClCompile>
    <ClCompile Include="pitdrone.cpp">
      <Filter>Source Files</Filter>
    </ClCompile>
    <ClCompile Include="rgrunt.cpp">
      <Filter>Source Files</Filter>
    </ClCompile>
    <ClCompile Include="scientist.cpp">
      <Filter>Source Files</Filter>
    </ClCompile>
    <ClCompile Include="shock.cpp">
      <Filter>Source Files</Filter>
    </ClCompile>
    <ClCompile Include="shockroach.cpp">
      <Filter>Source Files</Filter>
    </ClCompile>
    <ClCompile Include="skill.cpp">
      <Filter>Source Files</Filter>
    </ClCompile>
    <ClCompile Include="sound.cpp">
      <Filter>Source Files</Filter>
    </ClCompile>
    <ClCompile Include="sporegrenade.cpp">
      <Filter>Source Files</Filter>
    </ClCompile>
    <ClCompile Include="squeakgrenade.cpp">
      <Filter>Source Files</Filter>
    </ClCompile>
    <ClCompile Include="strooper.cpp">
      <Filter>Source Files</Filter>
    </ClCompile>
    <ClCompile Include="stukabat.cpp">
      <Filter>Source Files</Filter>
    </ClCompile>
    <ClCompile Include="subs.cpp">
      <Filter>Source Files</Filter>
    </ClCompile>
    <ClCompile Include="talkmonster.cpp">
      <Filter>Source Files</Filter>
    </ClCompile>
    <ClCompile Include="turret.cpp">
      <Filter>Source Files</Filter>
    </ClCompile>
    <ClCompile Include="util.cpp">
      <Filter>Source Files</Filter>
    </ClCompile>
    <ClCompile Include="voltigore.cpp">
      <Filter>Source Files</Filter>
    </ClCompile>
    <ClCompile Include="weapons.cpp">
      <Filter>Source Files</Filter>
    </ClCompile>
    <ClCompile Include="zombie.cpp">
      <Filter>Source Files</Filter>
    </ClCompile>
    <ClCompile Include="ripent.cpp">
      <Filter>Source Files</Filter>
    </ClCompile>
    <ClCompile Include="music.cpp">
      <Filter>Source Files</Filter>
    </ClCompile>
    <ClCompile Include="globalreplace.cpp">
      <Filter>Source Files</Filter>
    </ClCompile>
    <ClCompile Include="xenmaker.cpp">
      <Filter>Source Files</Filter>
    </ClCompile>
  </ItemGroup>
  <ItemGroup>
    <ClInclude Include="activity.h">
      <Filter>Header Files</Filter>
    </ClInclude>
    <ClInclude Include="activitymap.h">
      <Filter>Header Files</Filter>
    </ClInclude>
    <ClInclude Include="animation.h">
      <Filter>Header Files</Filter>
    </ClInclude>
    <ClInclude Include="cdll_dll.h">
      <Filter>Header Files</Filter>
    </ClInclude>
    <ClInclude Include="cmbase.h">
      <Filter>Header Files</Filter>
    </ClInclude>
    <ClInclude Include="cmbaseextra.h">
      <Filter>Header Files</Filter>
    </ClInclude>
    <ClInclude Include="cmbasemonster.h">
      <Filter>Header Files</Filter>
    </ClInclude>
    <ClInclude Include="cmflyingmonster.h">
      <Filter>Header Files</Filter>
    </ClInclude>
    <ClInclude Include="cmtalkmonster.h">
      <Filter>Header Files</Filter>
    </ClInclude>
    <ClInclude Include="decals.h">
      <Filter>Header Files</Filter>
    </ClInclude>
    <ClInclude Include="defaultai.h">
      <Filter>Header Files</Filter>
    </ClInclude>
    <ClInclude Include="doors.h">
      <Filter>Header Files</Filter>
    </ClInclude>
    <ClInclude Include="effects.h">
      <Filter>Header Files</Filter>
    </ClInclude>
    <ClInclude Include="enginecallback.h">
      <Filter>Header Files</Filter>
    </ClInclude>
    <ClInclude Include="explode.h">
      <Filter>Header Files</Filter>
    </ClInclude>
    <ClInclude Include="extdll.h">
      <Filter>Header Files</Filter>
    </ClInclude>
    <ClInclude Include="func_break.h">
      <Filter>Header Files</Filter>
    </ClInclude>
    <ClInclude Include="hornet.h">
      <Filter>Header Files</Filter>
    </ClInclude>
    <ClInclude Include="monster_plugin.h">
      <Filter>Header Files</Filter>
    </ClInclude>
    <ClInclude Include="monsterevent.h">
      <Filter>Header Files</Filter>
    </ClInclude>
    <ClInclude Include="monsters.h">
      <Filter>Header Files</Filter>
    </ClInclude>
    <ClInclude Include="nodes.h">
      <Filter>Header Files</Filter>
    </ClInclude>
    <ClInclude Include="plane.h">
      <Filter>Header Files</Filter>
    </ClInclude>
    <ClInclude Include="schedule.h">
      <Filter>Header Files</Filter>
    </ClInclude>
    <ClInclude Include="shock.h">
      <Filter>Header Files</Filter>
    </ClInclude>
    <ClInclude Include="skill.h">
      <Filter>Header Files</Filter>
    </ClInclude>
    <ClInclude Include="util.h">
      <Filter>Header Files</Filter>
    </ClInclude>
    <ClInclude Include="vector.h">
      <Filter>Header Files</Filter>
    </ClInclude>
    <ClInclude Include="weapons.h">
      <Filter>Header Files</Filter>
    </ClInclude>
    <ClInclude Include="ripent.h">
      <Filter>Header Files</Filter>
    </ClInclude>
    <ClInclude Include="globalreplace.h">
      <Filter>Header Files</Filter>
    </ClInclude>
  </ItemGroup>
</Project>